
Microsoft Visual Studio Solution File, Format Version 12.00
# Visual Studio 2013
VisualStudioVersion = 12.0.31101.0
MinimumVisualStudioVersion = 10.0.40219.1
Project("{FAE04EC0-301F-11D3-BF4B-00C04F79EFBC}") = "01.RunnersHomePage", "RunnersHomePage\01.RunnersHomePage.csproj", "{3E0FB6F7-BCD8-405A-B1B2-2E18B162CA4F}"
EndProject
Project("{FAE04EC0-301F-11D3-BF4B-00C04F79EFBC}") = "02.NestedLists", "NestedLists\02.NestedLists.csproj", "{DC9F5FC9-4220-4AC2-BDB5-46890412E71E}"
EndProject
Project("{FAE04EC0-301F-11D3-BF4B-00C04F79EFBC}") = "03.SocialSite", "SocialSite\03.SocialSite.csproj", "{7C47034E-ADEF-4734-A964-2FABDA9E2424}"
EndProject
Global
	GlobalSection(SolutionConfigurationPlatforms) = preSolution
		Debug|Any CPU = Debug|Any CPU
		Release|Any CPU = Release|Any CPU
	EndGlobalSection
	GlobalSection(ProjectConfigurationPlatforms) = postSolution
		{3E0FB6F7-BCD8-405A-B1B2-2E18B162CA4F}.Debug|Any CPU.ActiveCfg = Debug|Any CPU
		{3E0FB6F7-BCD8-405A-B1B2-2E18B162CA4F}.Debug|Any CPU.Build.0 = Debug|Any CPU
		{3E0FB6F7-BCD8-405A-B1B2-2E18B162CA4F}.Release|Any CPU.ActiveCfg = Release|Any CPU
		{3E0FB6F7-BCD8-405A-B1B2-2E18B162CA4F}.Release|Any CPU.Build.0 = Release|Any CPU
		{DC9F5FC9-4220-4AC2-BDB5-46890412E71E}.Debug|Any CPU.ActiveCfg = Debug|Any CPU
		{DC9F5FC9-4220-4AC2-BDB5-46890412E71E}.Debug|Any CPU.Build.0 = Debug|Any CPU
		{DC9F5FC9-4220-4AC2-BDB5-46890412E71E}.Release|Any CPU.ActiveCfg = Release|Any CPU
		{DC9F5FC9-4220-4AC2-BDB5-46890412E71E}.Release|Any CPU.Build.0 = Release|Any CPU
		{7C47034E-ADEF-4734-A964-2FABDA9E2424}.Debug|Any CPU.ActiveCfg = Debug|Any CPU
		{7C47034E-ADEF-4734-A964-2FABDA9E2424}.Debug|Any CPU.Build.0 = Debug|Any CPU
		{7C47034E-ADEF-4734-A964-2FABDA9E2424}.Release|Any CPU.ActiveCfg = Release|Any CPU
		{7C47034E-ADEF-4734-A964-2FABDA9E2424}.Release|Any CPU.Build.0 = Release|Any CPU
	EndGlobalSection
	GlobalSection(SolutionProperties) = preSolution
		HideSolutionNode = FALSE
	EndGlobalSection
EndGlobal
