
Microsoft Visual Studio Solution File, Format Version 12.00
# Visual Studio 2013
VisualStudioVersion = 12.0.31101.0
MinimumVisualStudioVersion = 10.0.40219.1
Project("{FAE04EC0-301F-11D3-BF4B-00C04F79EFBC}") = "Student", "Student\Student.csproj", "{D8F87A58-B999-4E61-B641-30F3776BDADC}"
EndProject
Project("{FAE04EC0-301F-11D3-BF4B-00C04F79EFBC}") = "Person", "Person\Person.csproj", "{3577069A-4668-4509-900D-C59104856763}"
EndProject
Project("{FAE04EC0-301F-11D3-BF4B-00C04F79EFBC}") = "64BitArray", "BitArray\64BitArray.csproj", "{29A31753-07A0-4AE7-977A-C2AB06FD7EF3}"
EndProject
Global
	GlobalSection(SolutionConfigurationPlatforms) = preSolution
		Debug|Any CPU = Debug|Any CPU
		Release|Any CPU = Release|Any CPU
	EndGlobalSection
	GlobalSection(ProjectConfigurationPlatforms) = postSolution
		{D8F87A58-B999-4E61-B641-30F3776BDADC}.Debug|Any CPU.ActiveCfg = Debug|Any CPU
		{D8F87A58-B999-4E61-B641-30F3776BDADC}.Debug|Any CPU.Build.0 = Debug|Any CPU
		{D8F87A58-B999-4E61-B641-30F3776BDADC}.Release|Any CPU.ActiveCfg = Release|Any CPU
		{D8F87A58-B999-4E61-B641-30F3776BDADC}.Release|Any CPU.Build.0 = Release|Any CPU
		{3577069A-4668-4509-900D-C59104856763}.Debug|Any CPU.ActiveCfg = Debug|Any CPU
		{3577069A-4668-4509-900D-C59104856763}.Debug|Any CPU.Build.0 = Debug|Any CPU
		{3577069A-4668-4509-900D-C59104856763}.Release|Any CPU.ActiveCfg = Release|Any CPU
		{3577069A-4668-4509-900D-C59104856763}.Release|Any CPU.Build.0 = Release|Any CPU
		{29A31753-07A0-4AE7-977A-C2AB06FD7EF3}.Debug|Any CPU.ActiveCfg = Debug|Any CPU
		{29A31753-07A0-4AE7-977A-C2AB06FD7EF3}.Debug|Any CPU.Build.0 = Debug|Any CPU
		{29A31753-07A0-4AE7-977A-C2AB06FD7EF3}.Release|Any CPU.ActiveCfg = Release|Any CPU
		{29A31753-07A0-4AE7-977A-C2AB06FD7EF3}.Release|Any CPU.Build.0 = Release|Any CPU
	EndGlobalSection
	GlobalSection(SolutionProperties) = preSolution
		HideSolutionNode = FALSE
	EndGlobalSection
EndGlobal
