
Microsoft Visual Studio Solution File, Format Version 12.00
# Visual Studio 2013
VisualStudioVersion = 12.0.31101.0
MinimumVisualStudioVersion = 10.0.40219.1
Project("{FAE04EC0-301F-11D3-BF4B-00C04F79EFBC}") = "01.RegistrationForm", "RegistrationForm\01.RegistrationForm.csproj", "{BC818DF3-1EAC-406C-9703-8E1CF8260847}"
EndProject
Project("{FAE04EC0-301F-11D3-BF4B-00C04F79EFBC}") = "02.UniversityGrid", "UniversityGrid\02.UniversityGrid.csproj", "{A19D0962-E904-488A-94C2-BA733CE8474C}"
EndProject
Project("{FAE04EC0-301F-11D3-BF4B-00C04F79EFBC}") = "03.NotebookStore", "NotebookStore\03.NotebookStore.csproj", "{77BBCD48-BA1F-4FD5-9B12-DA86E99FF5B7}"
EndProject
Global
	GlobalSection(SolutionConfigurationPlatforms) = preSolution
		Debug|Any CPU = Debug|Any CPU
		Release|Any CPU = Release|Any CPU
	EndGlobalSection
	GlobalSection(ProjectConfigurationPlatforms) = postSolution
		{BC818DF3-1EAC-406C-9703-8E1CF8260847}.Debug|Any CPU.ActiveCfg = Debug|Any CPU
		{BC818DF3-1EAC-406C-9703-8E1CF8260847}.Debug|Any CPU.Build.0 = Debug|Any CPU
		{BC818DF3-1EAC-406C-9703-8E1CF8260847}.Release|Any CPU.ActiveCfg = Release|Any CPU
		{BC818DF3-1EAC-406C-9703-8E1CF8260847}.Release|Any CPU.Build.0 = Release|Any CPU
		{A19D0962-E904-488A-94C2-BA733CE8474C}.Debug|Any CPU.ActiveCfg = Debug|Any CPU
		{A19D0962-E904-488A-94C2-BA733CE8474C}.Debug|Any CPU.Build.0 = Debug|Any CPU
		{A19D0962-E904-488A-94C2-BA733CE8474C}.Release|Any CPU.ActiveCfg = Release|Any CPU
		{A19D0962-E904-488A-94C2-BA733CE8474C}.Release|Any CPU.Build.0 = Release|Any CPU
		{77BBCD48-BA1F-4FD5-9B12-DA86E99FF5B7}.Debug|Any CPU.ActiveCfg = Debug|Any CPU
		{77BBCD48-BA1F-4FD5-9B12-DA86E99FF5B7}.Debug|Any CPU.Build.0 = Debug|Any CPU
		{77BBCD48-BA1F-4FD5-9B12-DA86E99FF5B7}.Release|Any CPU.ActiveCfg = Release|Any CPU
		{77BBCD48-BA1F-4FD5-9B12-DA86E99FF5B7}.Release|Any CPU.Build.0 = Release|Any CPU
	EndGlobalSection
	GlobalSection(SolutionProperties) = preSolution
		HideSolutionNode = FALSE
	EndGlobalSection
EndGlobal
