
Microsoft Visual Studio Solution File, Format Version 12.00
# Visual Studio 2013
VisualStudioVersion = 12.0.31101.0
MinimumVisualStudioVersion = 10.0.40219.1
Project("{FAE04EC0-301F-11D3-BF4B-00C04F79EFBC}") = "01.HtmlTable", "WebApplication1\01.HtmlTable.csproj", "{DD69EBDC-BAB5-452E-BCC8-DF751A2598F2}"
EndProject
Project("{FAE04EC0-301F-11D3-BF4B-00C04F79EFBC}") = "02.HTMLForm", "HTMLForm\02.HTMLForm.csproj", "{C68B6588-F432-4B4A-A633-1CCD48F3D5F7}"
EndProject
Project("{FAE04EC0-301F-11D3-BF4B-00C04F79EFBC}") = "03.Calculator", "Calculator\03.Calculator.csproj", "{03A03CE8-4483-496E-B2B2-60F58B5E7937}"
EndProject
Global
	GlobalSection(SolutionConfigurationPlatforms) = preSolution
		Debug|Any CPU = Debug|Any CPU
		Release|Any CPU = Release|Any CPU
	EndGlobalSection
	GlobalSection(ProjectConfigurationPlatforms) = postSolution
		{DD69EBDC-BAB5-452E-BCC8-DF751A2598F2}.Debug|Any CPU.ActiveCfg = Debug|Any CPU
		{DD69EBDC-BAB5-452E-BCC8-DF751A2598F2}.Debug|Any CPU.Build.0 = Debug|Any CPU
		{DD69EBDC-BAB5-452E-BCC8-DF751A2598F2}.Release|Any CPU.ActiveCfg = Release|Any CPU
		{DD69EBDC-BAB5-452E-BCC8-DF751A2598F2}.Release|Any CPU.Build.0 = Release|Any CPU
		{C68B6588-F432-4B4A-A633-1CCD48F3D5F7}.Debug|Any CPU.ActiveCfg = Debug|Any CPU
		{C68B6588-F432-4B4A-A633-1CCD48F3D5F7}.Debug|Any CPU.Build.0 = Debug|Any CPU
		{C68B6588-F432-4B4A-A633-1CCD48F3D5F7}.Release|Any CPU.ActiveCfg = Release|Any CPU
		{C68B6588-F432-4B4A-A633-1CCD48F3D5F7}.Release|Any CPU.Build.0 = Release|Any CPU
		{03A03CE8-4483-496E-B2B2-60F58B5E7937}.Debug|Any CPU.ActiveCfg = Debug|Any CPU
		{03A03CE8-4483-496E-B2B2-60F58B5E7937}.Debug|Any CPU.Build.0 = Debug|Any CPU
		{03A03CE8-4483-496E-B2B2-60F58B5E7937}.Release|Any CPU.ActiveCfg = Release|Any CPU
		{03A03CE8-4483-496E-B2B2-60F58B5E7937}.Release|Any CPU.Build.0 = Release|Any CPU
	EndGlobalSection
	GlobalSection(SolutionProperties) = preSolution
		HideSolutionNode = FALSE
	EndGlobalSection
EndGlobal
