
Microsoft Visual Studio Solution File, Format Version 12.00
# Visual Studio Express 2013 for Windows Desktop
VisualStudioVersion = 12.0.30723.0
MinimumVisualStudioVersion = 10.0.40219.1
Project("{FAE04EC0-301F-11D3-BF4B-00C04F79EFBC}") = "01.HelloCSharp", "HelloCSharp\01.HelloCSharp.csproj", "{212E247E-9455-4C30-9673-FFBE5262B52B}"
EndProject
Project("{FAE04EC0-301F-11D3-BF4B-00C04F79EFBC}") = "02.PrintMyName", "02.PrintMyName\02.PrintMyName.csproj", "{7AA0154F-2B03-49AF-B017-091EE0681F9C}"
EndProject
Project("{FAE04EC0-301F-11D3-BF4B-00C04F79EFBC}") = "03.PrintNumbers", "PrintNumbers\03.PrintNumbers.csproj", "{1667907C-E27A-4917-91BB-C4E8867B9EBA}"
EndProject
Project("{FAE04EC0-301F-11D3-BF4B-00C04F79EFBC}") = "04.PrintFirstAndLastName", "PrintFirstAndLastName\04.PrintFirstAndLastName.csproj", "{35CB8BA4-251B-42EB-9A08-8237AA521877}"
EndProject
Project("{FAE04EC0-301F-11D3-BF4B-00C04F79EFBC}") = "05.SquareRoot", "SquareRoot\05.SquareRoot.csproj", "{EFD74894-AAF6-4AFC-B260-A5CC1D4822C6}"
EndProject
Project("{FAE04EC0-301F-11D3-BF4B-00C04F79EFBC}") = "06.PrintASequence", "PrintASequence\06.PrintASequence.csproj", "{69EF1615-E745-4927-9414-998C3FAD2D99}"
EndProject
Project("{FAE04EC0-301F-11D3-BF4B-00C04F79EFBC}") = "07.ReformatCSharpCode", "ReformatCSharpCode\07.ReformatCSharpCode.csproj", "{40234FB9-0BF7-4CB2-B777-6E67A5812525}"
EndProject
Project("{FAE04EC0-301F-11D3-BF4B-00C04F79EFBC}") = "08.CurrentDateAndTime", "CurrentDateAndTime\08.CurrentDateAndTime.csproj", "{92F6820C-7508-4B71-846B-2A0F14063D33}"
EndProject
Project("{FAE04EC0-301F-11D3-BF4B-00C04F79EFBC}") = "09.AgeAfter10Years", "AgeAfter10Years\09.AgeAfter10Years.csproj", "{D9F8B000-2A2D-45B2-AA18-616138D2579B}"
EndProject
Project("{FAE04EC0-301F-11D3-BF4B-00C04F79EFBC}") = "10.PrintLongSequence", "PrintLongSequence\10.PrintLongSequence.csproj", "{9D464733-260E-4CF8-971A-1173F1EE6FC2}"
EndProject
Global
	GlobalSection(SolutionConfigurationPlatforms) = preSolution
		Debug|Any CPU = Debug|Any CPU
		Release|Any CPU = Release|Any CPU
	EndGlobalSection
	GlobalSection(ProjectConfigurationPlatforms) = postSolution
		{212E247E-9455-4C30-9673-FFBE5262B52B}.Debug|Any CPU.ActiveCfg = Debug|Any CPU
		{212E247E-9455-4C30-9673-FFBE5262B52B}.Debug|Any CPU.Build.0 = Debug|Any CPU
		{212E247E-9455-4C30-9673-FFBE5262B52B}.Release|Any CPU.ActiveCfg = Release|Any CPU
		{212E247E-9455-4C30-9673-FFBE5262B52B}.Release|Any CPU.Build.0 = Release|Any CPU
		{7AA0154F-2B03-49AF-B017-091EE0681F9C}.Debug|Any CPU.ActiveCfg = Debug|Any CPU
		{7AA0154F-2B03-49AF-B017-091EE0681F9C}.Debug|Any CPU.Build.0 = Debug|Any CPU
		{7AA0154F-2B03-49AF-B017-091EE0681F9C}.Release|Any CPU.ActiveCfg = Release|Any CPU
		{7AA0154F-2B03-49AF-B017-091EE0681F9C}.Release|Any CPU.Build.0 = Release|Any CPU
		{1667907C-E27A-4917-91BB-C4E8867B9EBA}.Debug|Any CPU.ActiveCfg = Debug|Any CPU
		{1667907C-E27A-4917-91BB-C4E8867B9EBA}.Debug|Any CPU.Build.0 = Debug|Any CPU
		{1667907C-E27A-4917-91BB-C4E8867B9EBA}.Release|Any CPU.ActiveCfg = Release|Any CPU
		{1667907C-E27A-4917-91BB-C4E8867B9EBA}.Release|Any CPU.Build.0 = Release|Any CPU
		{35CB8BA4-251B-42EB-9A08-8237AA521877}.Debug|Any CPU.ActiveCfg = Debug|Any CPU
		{35CB8BA4-251B-42EB-9A08-8237AA521877}.Debug|Any CPU.Build.0 = Debug|Any CPU
		{35CB8BA4-251B-42EB-9A08-8237AA521877}.Release|Any CPU.ActiveCfg = Release|Any CPU
		{35CB8BA4-251B-42EB-9A08-8237AA521877}.Release|Any CPU.Build.0 = Release|Any CPU
		{EFD74894-AAF6-4AFC-B260-A5CC1D4822C6}.Debug|Any CPU.ActiveCfg = Debug|Any CPU
		{EFD74894-AAF6-4AFC-B260-A5CC1D4822C6}.Debug|Any CPU.Build.0 = Debug|Any CPU
		{EFD74894-AAF6-4AFC-B260-A5CC1D4822C6}.Release|Any CPU.ActiveCfg = Release|Any CPU
		{EFD74894-AAF6-4AFC-B260-A5CC1D4822C6}.Release|Any CPU.Build.0 = Release|Any CPU
		{69EF1615-E745-4927-9414-998C3FAD2D99}.Debug|Any CPU.ActiveCfg = Debug|Any CPU
		{69EF1615-E745-4927-9414-998C3FAD2D99}.Debug|Any CPU.Build.0 = Debug|Any CPU
		{69EF1615-E745-4927-9414-998C3FAD2D99}.Release|Any CPU.ActiveCfg = Release|Any CPU
		{69EF1615-E745-4927-9414-998C3FAD2D99}.Release|Any CPU.Build.0 = Release|Any CPU
		{40234FB9-0BF7-4CB2-B777-6E67A5812525}.Debug|Any CPU.ActiveCfg = Debug|Any CPU
		{40234FB9-0BF7-4CB2-B777-6E67A5812525}.Debug|Any CPU.Build.0 = Debug|Any CPU
		{40234FB9-0BF7-4CB2-B777-6E67A5812525}.Release|Any CPU.ActiveCfg = Release|Any CPU
		{40234FB9-0BF7-4CB2-B777-6E67A5812525}.Release|Any CPU.Build.0 = Release|Any CPU
		{92F6820C-7508-4B71-846B-2A0F14063D33}.Debug|Any CPU.ActiveCfg = Debug|Any CPU
		{92F6820C-7508-4B71-846B-2A0F14063D33}.Debug|Any CPU.Build.0 = Debug|Any CPU
		{92F6820C-7508-4B71-846B-2A0F14063D33}.Release|Any CPU.ActiveCfg = Release|Any CPU
		{92F6820C-7508-4B71-846B-2A0F14063D33}.Release|Any CPU.Build.0 = Release|Any CPU
		{D9F8B000-2A2D-45B2-AA18-616138D2579B}.Debug|Any CPU.ActiveCfg = Debug|Any CPU
		{D9F8B000-2A2D-45B2-AA18-616138D2579B}.Debug|Any CPU.Build.0 = Debug|Any CPU
		{D9F8B000-2A2D-45B2-AA18-616138D2579B}.Release|Any CPU.ActiveCfg = Release|Any CPU
		{D9F8B000-2A2D-45B2-AA18-616138D2579B}.Release|Any CPU.Build.0 = Release|Any CPU
		{9D464733-260E-4CF8-971A-1173F1EE6FC2}.Debug|Any CPU.ActiveCfg = Debug|Any CPU
		{9D464733-260E-4CF8-971A-1173F1EE6FC2}.Debug|Any CPU.Build.0 = Debug|Any CPU
		{9D464733-260E-4CF8-971A-1173F1EE6FC2}.Release|Any CPU.ActiveCfg = Release|Any CPU
		{9D464733-260E-4CF8-971A-1173F1EE6FC2}.Release|Any CPU.Build.0 = Release|Any CPU
	EndGlobalSection
	GlobalSection(SolutionProperties) = preSolution
		HideSolutionNode = FALSE
	EndGlobalSection
EndGlobal
